
Microsoft Visual Studio Solution File, Format Version 12.00
# Visual Studio 15
VisualStudioVersion = 15.0.28307.438
MinimumVisualStudioVersion = 10.0.40219.1
Project("{FAE04EC0-301F-11D3-BF4B-00C04F79EFBC}") = "MSG_190311", "MSG_190311\MSG_190311.csproj", "{6CCA664A-9C8D-499C-903E-A4CEAC2A322F}"
EndProject
Global
	GlobalSection(SolutionConfigurationPlatforms) = preSolution
		Debug|Any CPU = Debug|Any CPU
		Release|Any CPU = Release|Any CPU
	EndGlobalSection
	GlobalSection(ProjectConfigurationPlatforms) = postSolution
		{6CCA664A-9C8D-499C-903E-A4CEAC2A322F}.Debug|Any CPU.ActiveCfg = Debug|Any CPU
		{6CCA664A-9C8D-499C-903E-A4CEAC2A322F}.Debug|Any CPU.Build.0 = Debug|Any CPU
		{6CCA664A-9C8D-499C-903E-A4CEAC2A322F}.Release|Any CPU.ActiveCfg = Release|Any CPU
		{6CCA664A-9C8D-499C-903E-A4CEAC2A322F}.Release|Any CPU.Build.0 = Release|Any CPU
	EndGlobalSection
	GlobalSection(SolutionProperties) = preSolution
		HideSolutionNode = FALSE
	EndGlobalSection
	GlobalSection(ExtensibilityGlobals) = postSolution
		SolutionGuid = {CEF59A7A-9C28-4A35-B1A0-FAB97C27CB78}
	EndGlobalSection
EndGlobal
